
Microsoft Visual Studio Solution File, Format Version 12.00
# Visual Studio Version 17
VisualStudioVersion = 17.10.34928.147
MinimumVisualStudioVersion = 10.0.40219.1
Project("{FAE04EC0-301F-11D3-BF4B-00C04F79EFBC}") = "ImageProcessing", "ImageProcessing\ImageProcessing.csproj", "{0FBCEE18-AC31-490B-96DF-DF383F7D77AA}"
EndProject
Global
	GlobalSection(SolutionConfigurationPlatforms) = preSolution
		Debug|Any CPU = Debug|Any CPU
		Release|Any CPU = Release|Any CPU
	EndGlobalSection
	GlobalSection(ProjectConfigurationPlatforms) = postSolution
		{0FBCEE18-AC31-490B-96DF-DF383F7D77AA}.Debug|Any CPU.ActiveCfg = Debug|Any CPU
		{0FBCEE18-AC31-490B-96DF-DF383F7D77AA}.Debug|Any CPU.Build.0 = Debug|Any CPU
		{0FBCEE18-AC31-490B-96DF-DF383F7D77AA}.Release|Any CPU.ActiveCfg = Release|Any CPU
		{0FBCEE18-AC31-490B-96DF-DF383F7D77AA}.Release|Any CPU.Build.0 = Release|Any CPU
	EndGlobalSection
	GlobalSection(SolutionProperties) = preSolution
		HideSolutionNode = FALSE
	EndGlobalSection
	GlobalSection(ExtensibilityGlobals) = postSolution
		SolutionGuid = {83FFBAB0-0F32-4AC3-9819-E9F5B3073422}
	EndGlobalSection
EndGlobal
